// !$*UTF8*$!
{
	archiveVersion = 1;
	classes = {
	};
	objectVersion = 51;
	objects = {

/* Begin PBXBuildFile section */
		61B7C2F424FA689700504694 /* ChatController.swift in Sources */ = {isa = PBXBuildFile; fileRef = 61B7C2F324FA689700504694 /* ChatController.swift */; };
		61B7C2F624FA727500504694 /* CustomInputAccessoryView.swift in Sources */ = {isa = PBXBuildFile; fileRef = 61B7C2F524FA727500504694 /* CustomInputAccessoryView.swift */; };
		61B7C2F824FA799400504694 /* MessageCell.swift in Sources */ = {isa = PBXBuildFile; fileRef = 61B7C2F724FA799400504694 /* MessageCell.swift */; };
		61F5EC7C24EC19CE000A2F76 /* AppDelegate.swift in Sources */ = {isa = PBXBuildFile; fileRef = 61F5EC7B24EC19CE000A2F76 /* AppDelegate.swift */; };
		61F5EC7E24EC19CE000A2F76 /* SceneDelegate.swift in Sources */ = {isa = PBXBuildFile; fileRef = 61F5EC7D24EC19CE000A2F76 /* SceneDelegate.swift */; };
		61F5EC8024EC19CE000A2F76 /* ViewController.swift in Sources */ = {isa = PBXBuildFile; fileRef = 61F5EC7F24EC19CE000A2F76 /* ViewController.swift */; };
		61F5EC8324EC19CE000A2F76 /* Main.storyboard in Resources */ = {isa = PBXBuildFile; fileRef = 61F5EC8124EC19CE000A2F76 /* Main.storyboard */; };
		61F5EC8524EC19D4000A2F76 /* Assets.xcassets in Resources */ = {isa = PBXBuildFile; fileRef = 61F5EC8424EC19D4000A2F76 /* Assets.xcassets */; };
		61F5EC8824EC19D4000A2F76 /* LaunchScreen.storyboard in Resources */ = {isa = PBXBuildFile; fileRef = 61F5EC8624EC19D4000A2F76 /* LaunchScreen.storyboard */; };
		61F5EC9624EC1A62000A2F76 /* ConversationsController.swift in Sources */ = {isa = PBXBuildFile; fileRef = 61F5EC9524EC1A62000A2F76 /* ConversationsController.swift */; };
		61F5EC9924EC229A000A2F76 /* LoginController.swift in Sources */ = {isa = PBXBuildFile; fileRef = 61F5EC9824EC229A000A2F76 /* LoginController.swift */; };
		61F5EC9B24EC22A5000A2F76 /* RegistrationController.swift in Sources */ = {isa = PBXBuildFile; fileRef = 61F5EC9A24EC22A5000A2F76 /* RegistrationController.swift */; };
		61F5EC9D24EC257B000A2F76 /* Extensions.swift in Sources */ = {isa = PBXBuildFile; fileRef = 61F5EC9C24EC257B000A2F76 /* Extensions.swift */; };
		61F5EC9F24EC2FC9000A2F76 /* InputContainerView.swift in Sources */ = {isa = PBXBuildFile; fileRef = 61F5EC9E24EC2FC9000A2F76 /* InputContainerView.swift */; };
		61F5ECA124EC3266000A2F76 /* CustomTextField.swift in Sources */ = {isa = PBXBuildFile; fileRef = 61F5ECA024EC3266000A2F76 /* CustomTextField.swift */; };
		61F5ECA324ED8275000A2F76 /* LoginViewModel.swift in Sources */ = {isa = PBXBuildFile; fileRef = 61F5ECA224ED8275000A2F76 /* LoginViewModel.swift */; };
		61F5ECA524ED8BA5000A2F76 /* RegisterationViewModel.swift in Sources */ = {isa = PBXBuildFile; fileRef = 61F5ECA424ED8BA5000A2F76 /* RegisterationViewModel.swift */; };
		61F5ECA824EED783000A2F76 /* GoogleService-Info.plist in Resources */ = {isa = PBXBuildFile; fileRef = 61F5ECA724EED782000A2F76 /* GoogleService-Info.plist */; };
		61F5ECAA24EEE8A6000A2F76 /* AuthService.swift in Sources */ = {isa = PBXBuildFile; fileRef = 61F5ECA924EEE8A6000A2F76 /* AuthService.swift */; };
		61F5ECAC24F21C71000A2F76 /* NewMessageController.swift in Sources */ = {isa = PBXBuildFile; fileRef = 61F5ECAB24F21C71000A2F76 /* NewMessageController.swift */; };
		61F5ECAE24F22041000A2F76 /* UserCell.swift in Sources */ = {isa = PBXBuildFile; fileRef = 61F5ECAD24F22041000A2F76 /* UserCell.swift */; };
		61F5ECB024F2234A000A2F76 /* User.swift in Sources */ = {isa = PBXBuildFile; fileRef = 61F5ECAF24F2234A000A2F76 /* User.swift */; };
		61F5ECB224F223CC000A2F76 /* Service.swift in Sources */ = {isa = PBXBuildFile; fileRef = 61F5ECB124F223CC000A2F76 /* Service.swift */; };
		E5381048170E7B46C57C0169 /* Pods_Firebase_ChatApp.framework in Frameworks */ = {isa = PBXBuildFile; fileRef = F4BFC94A7D297C461EEB0DD4 /* Pods_Firebase_ChatApp.framework */; };
/* End PBXBuildFile section */

/* Begin PBXFileReference section */
		2732CC3CE0BFC401F4DD37A5 /* Pods-Firebase_ChatApp.release.xcconfig */ = {isa = PBXFileReference; includeInIndex = 1; lastKnownFileType = text.xcconfig; name = "Pods-Firebase_ChatApp.release.xcconfig"; path = "Target Support Files/Pods-Firebase_ChatApp/Pods-Firebase_ChatApp.release.xcconfig"; sourceTree = "<group>"; };
		61B7C2F324FA689700504694 /* ChatController.swift */ = {isa = PBXFileReference; lastKnownFileType = sourcecode.swift; path = ChatController.swift; sourceTree = "<group>"; };
		61B7C2F524FA727500504694 /* CustomInputAccessoryView.swift */ = {isa = PBXFileReference; lastKnownFileType = sourcecode.swift; path = CustomInputAccessoryView.swift; sourceTree = "<group>"; };
		61B7C2F724FA799400504694 /* MessageCell.swift */ = {isa = PBXFileReference; lastKnownFileType = sourcecode.swift; path = MessageCell.swift; sourceTree = "<group>"; };
		61F5EC7824EC19CE000A2F76 /* Firebase_ChatApp.app */ = {isa = PBXFileReference; explicitFileType = wrapper.application; includeInIndex = 0; path = Firebase_ChatApp.app; sourceTree = BUILT_PRODUCTS_DIR; };
		61F5EC7B24EC19CE000A2F76 /* AppDelegate.swift */ = {isa = PBXFileReference; lastKnownFileType = sourcecode.swift; path = AppDelegate.swift; sourceTree = "<group>"; };
		61F5EC7D24EC19CE000A2F76 /* SceneDelegate.swift */ = {isa = PBXFileReference; lastKnownFileType = sourcecode.swift; path = SceneDelegate.swift; sourceTree = "<group>"; };
		61F5EC7F24EC19CE000A2F76 /* ViewController.swift */ = {isa = PBXFileReference; lastKnownFileType = sourcecode.swift; path = ViewController.swift; sourceTree = "<group>"; };
		61F5EC8224EC19CE000A2F76 /* Base */ = {isa = PBXFileReference; lastKnownFileType = file.storyboard; name = Base; path = Base.lproj/Main.storyboard; sourceTree = "<group>"; };
		61F5EC8424EC19D4000A2F76 /* Assets.xcassets */ = {isa = PBXFileReference; lastKnownFileType = folder.assetcatalog; path = Assets.xcassets; sourceTree = "<group>"; };
		61F5EC8724EC19D4000A2F76 /* Base */ = {isa = PBXFileReference; lastKnownFileType = file.storyboard; name = Base; path = Base.lproj/LaunchScreen.storyboard; sourceTree = "<group>"; };
		61F5EC8924EC19D4000A2F76 /* Info.plist */ = {isa = PBXFileReference; lastKnownFileType = text.plist.xml; path = Info.plist; sourceTree = "<group>"; };
		61F5EC9524EC1A62000A2F76 /* ConversationsController.swift */ = {isa = PBXFileReference; lastKnownFileType = sourcecode.swift; path = ConversationsController.swift; sourceTree = "<group>"; };
		61F5EC9824EC229A000A2F76 /* LoginController.swift */ = {isa = PBXFileReference; lastKnownFileType = sourcecode.swift; path = LoginController.swift; sourceTree = "<group>"; };
		61F5EC9A24EC22A5000A2F76 /* RegistrationController.swift */ = {isa = PBXFileReference; lastKnownFileType = sourcecode.swift; path = RegistrationController.swift; sourceTree = "<group>"; };
		61F5EC9C24EC257B000A2F76 /* Extensions.swift */ = {isa = PBXFileReference; lastKnownFileType = sourcecode.swift; path = Extensions.swift; sourceTree = "<group>"; };
		61F5EC9E24EC2FC9000A2F76 /* InputContainerView.swift */ = {isa = PBXFileReference; lastKnownFileType = sourcecode.swift; path = InputContainerView.swift; sourceTree = "<group>"; };
		61F5ECA024EC3266000A2F76 /* CustomTextField.swift */ = {isa = PBXFileReference; lastKnownFileType = sourcecode.swift; path = CustomTextField.swift; sourceTree = "<group>"; };
		61F5ECA224ED8275000A2F76 /* LoginViewModel.swift */ = {isa = PBXFileReference; lastKnownFileType = sourcecode.swift; path = LoginViewModel.swift; sourceTree = "<group>"; };
		61F5ECA424ED8BA5000A2F76 /* RegisterationViewModel.swift */ = {isa = PBXFileReference; lastKnownFileType = sourcecode.swift; path = RegisterationViewModel.swift; sourceTree = "<group>"; };
		61F5ECA724EED782000A2F76 /* GoogleService-Info.plist */ = {isa = PBXFileReference; fileEncoding = 4; lastKnownFileType = text.plist.xml; path = "GoogleService-Info.plist"; sourceTree = "<group>"; };
		61F5ECA924EEE8A6000A2F76 /* AuthService.swift */ = {isa = PBXFileReference; lastKnownFileType = sourcecode.swift; path = AuthService.swift; sourceTree = "<group>"; };
		61F5ECAB24F21C71000A2F76 /* NewMessageController.swift */ = {isa = PBXFileReference; lastKnownFileType = sourcecode.swift; path = NewMessageController.swift; sourceTree = "<group>"; };
		61F5ECAD24F22041000A2F76 /* UserCell.swift */ = {isa = PBXFileReference; lastKnownFileType = sourcecode.swift; path = UserCell.swift; sourceTree = "<group>"; };
		61F5ECAF24F2234A000A2F76 /* User.swift */ = {isa = PBXFileReference; lastKnownFileType = sourcecode.swift; path = User.swift; sourceTree = "<group>"; };
		61F5ECB124F223CC000A2F76 /* Service.swift */ = {isa = PBXFileReference; lastKnownFileType = sourcecode.swift; path = Service.swift; sourceTree = "<group>"; };
		CB2D2784EEA51EA829A7F54C /* Pods-Firebase_ChatApp.debug.xcconfig */ = {isa = PBXFileReference; includeInIndex = 1; lastKnownFileType = text.xcconfig; name = "Pods-Firebase_ChatApp.debug.xcconfig"; path = "Target Support Files/Pods-Firebase_ChatApp/Pods-Firebase_ChatApp.debug.xcconfig"; sourceTree = "<group>"; };
		F4BFC94A7D297C461EEB0DD4 /* Pods_Firebase_ChatApp.framework */ = {isa = PBXFileReference; explicitFileType = wrapper.framework; includeInIndex = 0; path = Pods_Firebase_ChatApp.framework; sourceTree = BUILT_PRODUCTS_DIR; };
/* End PBXFileReference section */

/* Begin PBXFrameworksBuildPhase section */
		61F5EC7524EC19CE000A2F76 /* Frameworks */ = {
			isa = PBXFrameworksBuildPhase;
			buildActionMask = 2147483647;
			files = (
				E5381048170E7B46C57C0169 /* Pods_Firebase_ChatApp.framework in Frameworks */,
			);
			runOnlyForDeploymentPostprocessing = 0;
		};
/* End PBXFrameworksBuildPhase section */

/* Begin PBXGroup section */
		61F5EC6F24EC19CE000A2F76 = {
			isa = PBXGroup;
			children = (
				61F5EC7A24EC19CE000A2F76 /* Firebase_ChatApp */,
				61F5EC7924EC19CE000A2F76 /* Products */,
				BE1B994B6B357142BB7823C8 /* Pods */,
				98EEA79577B08E20215562E3 /* Frameworks */,
			);
			sourceTree = "<group>";
		};
		61F5EC7924EC19CE000A2F76 /* Products */ = {
			isa = PBXGroup;
			children = (
				61F5EC7824EC19CE000A2F76 /* Firebase_ChatApp.app */,
			);
			name = Products;
			sourceTree = "<group>";
		};
		61F5EC7A24EC19CE000A2F76 /* Firebase_ChatApp */ = {
			isa = PBXGroup;
			children = (
				61F5EC9424EC19F4000A2F76 /* Model */,
				61F5EC9324EC19F3000A2F76 /* View */,
				61F5EC9224EC19F1000A2F76 /* ViewModel */,
				61F5EC9124EC19F0000A2F76 /* Controller */,
				61F5EC9024EC19EF000A2F76 /* API */,
				61F5EC8F24EC19EC000A2F76 /* Utils */,
				61F5EC7B24EC19CE000A2F76 /* AppDelegate.swift */,
				61F5EC7D24EC19CE000A2F76 /* SceneDelegate.swift */,
				61F5EC7F24EC19CE000A2F76 /* ViewController.swift */,
				61F5EC8124EC19CE000A2F76 /* Main.storyboard */,
				61F5EC8424EC19D4000A2F76 /* Assets.xcassets */,
				61F5EC8624EC19D4000A2F76 /* LaunchScreen.storyboard */,
				61F5EC8924EC19D4000A2F76 /* Info.plist */,
				61F5ECA724EED782000A2F76 /* GoogleService-Info.plist */,
			);
			path = Firebase_ChatApp;
			sourceTree = "<group>";
		};
		61F5EC8F24EC19EC000A2F76 /* Utils */ = {
			isa = PBXGroup;
			children = (
				61F5EC9C24EC257B000A2F76 /* Extensions.swift */,
			);
			path = Utils;
			sourceTree = "<group>";
		};
		61F5EC9024EC19EF000A2F76 /* API */ = {
			isa = PBXGroup;
			children = (
				61F5ECA924EEE8A6000A2F76 /* AuthService.swift */,
				61F5ECB124F223CC000A2F76 /* Service.swift */,
			);
			path = API;
			sourceTree = "<group>";
		};
		61F5EC9124EC19F0000A2F76 /* Controller */ = {
			isa = PBXGroup;
			children = (
				61F5EC9724EC2285000A2F76 /* Authentication */,
				61F5EC9524EC1A62000A2F76 /* ConversationsController.swift */,
				61F5ECAB24F21C71000A2F76 /* NewMessageController.swift */,
				61B7C2F324FA689700504694 /* ChatController.swift */,
			);
			path = Controller;
			sourceTree = "<group>";
		};
		61F5EC9224EC19F1000A2F76 /* ViewModel */ = {
			isa = PBXGroup;
			children = (
				61F5ECA624ED8BB9000A2F76 /* Authentication */,
			);
			path = ViewModel;
			sourceTree = "<group>";
		};
		61F5EC9324EC19F3000A2F76 /* View */ = {
			isa = PBXGroup;
			children = (
				61F5EC9E24EC2FC9000A2F76 /* InputContainerView.swift */,
				61F5ECA024EC3266000A2F76 /* CustomTextField.swift */,
				61F5ECAD24F22041000A2F76 /* UserCell.swift */,
				61B7C2F524FA727500504694 /* CustomInputAccessoryView.swift */,
				61B7C2F724FA799400504694 /* MessageCell.swift */,
			);
			path = View;
			sourceTree = "<group>";
		};
		61F5EC9424EC19F4000A2F76 /* Model */ = {
			isa = PBXGroup;
			children = (
				61F5ECAF24F2234A000A2F76 /* User.swift */,
			);
			path = Model;
			sourceTree = "<group>";
		};
		61F5EC9724EC2285000A2F76 /* Authentication */ = {
			isa = PBXGroup;
			children = (
				61F5EC9824EC229A000A2F76 /* LoginController.swift */,
				61F5EC9A24EC22A5000A2F76 /* RegistrationController.swift */,
			);
			path = Authentication;
			sourceTree = "<group>";
		};
		61F5ECA624ED8BB9000A2F76 /* Authentication */ = {
			isa = PBXGroup;
			children = (
				61F5ECA224ED8275000A2F76 /* LoginViewModel.swift */,
				61F5ECA424ED8BA5000A2F76 /* RegisterationViewModel.swift */,
			);
			path = Authentication;
			sourceTree = "<group>";
		};
		98EEA79577B08E20215562E3 /* Frameworks */ = {
			isa = PBXGroup;
			children = (
				F4BFC94A7D297C461EEB0DD4 /* Pods_Firebase_ChatApp.framework */,
			);
			name = Frameworks;
			sourceTree = "<group>";
		};
		BE1B994B6B357142BB7823C8 /* Pods */ = {
			isa = PBXGroup;
			children = (
				CB2D2784EEA51EA829A7F54C /* Pods-Firebase_ChatApp.debug.xcconfig */,
				2732CC3CE0BFC401F4DD37A5 /* Pods-Firebase_ChatApp.release.xcconfig */,
			);
			path = Pods;
			sourceTree = "<group>";
		};
/* End PBXGroup section */

/* Begin PBXNativeTarget section */
		61F5EC7724EC19CE000A2F76 /* Firebase_ChatApp */ = {
			isa = PBXNativeTarget;
			buildConfigurationList = 61F5EC8C24EC19D4000A2F76 /* Build configuration list for PBXNativeTarget "Firebase_ChatApp" */;
			buildPhases = (
				A74EB46FF1CA70418F29FD8C /* [CP] Check Pods Manifest.lock */,
				61F5EC7424EC19CE000A2F76 /* Sources */,
				61F5EC7524EC19CE000A2F76 /* Frameworks */,
				61F5EC7624EC19CE000A2F76 /* Resources */,
				7EAF6DA2A9300BF1AC914DEC /* [CP] Embed Pods Frameworks */,
			);
			buildRules = (
			);
			dependencies = (
			);
			name = Firebase_ChatApp;
			productName = Firebase_ChatApp;
			productReference = 61F5EC7824EC19CE000A2F76 /* Firebase_ChatApp.app */;
			productType = "com.apple.product-type.application";
		};
/* End PBXNativeTarget section */

/* Begin PBXProject section */
		61F5EC7024EC19CE000A2F76 /* Project object */ = {
			isa = PBXProject;
			attributes = {
				LastSwiftUpdateCheck = 1130;
				LastUpgradeCheck = 1130;
				ORGANIZATIONNAME = pino;
				TargetAttributes = {
					61F5EC7724EC19CE000A2F76 = {
						CreatedOnToolsVersion = 11.3.1;
					};
				};
			};
			buildConfigurationList = 61F5EC7324EC19CE000A2F76 /* Build configuration list for PBXProject "Firebase_ChatApp" */;
			compatibilityVersion = "Xcode 9.3";
			developmentRegion = en;
			hasScannedForEncodings = 0;
			knownRegions = (
				en,
				Base,
			);
			mainGroup = 61F5EC6F24EC19CE000A2F76;
			productRefGroup = 61F5EC7924EC19CE000A2F76 /* Products */;
			projectDirPath = "";
			projectRoot = "";
			targets = (
				61F5EC7724EC19CE000A2F76 /* Firebase_ChatApp */,
			);
		};
/* End PBXProject section */

/* Begin PBXResourcesBuildPhase section */
		61F5EC7624EC19CE000A2F76 /* Resources */ = {
			isa = PBXResourcesBuildPhase;
			buildActionMask = 2147483647;
			files = (
				61F5EC8824EC19D4000A2F76 /* LaunchScreen.storyboard in Resources */,
				61F5ECA824EED783000A2F76 /* GoogleService-Info.plist in Resources */,
				61F5EC8524EC19D4000A2F76 /* Assets.xcassets in Resources */,
				61F5EC8324EC19CE000A2F76 /* Main.storyboard in Resources */,
			);
			runOnlyForDeploymentPostprocessing = 0;
		};
/* End PBXResourcesBuildPhase section */

/* Begin PBXShellScriptBuildPhase section */
		7EAF6DA2A9300BF1AC914DEC /* [CP] Embed Pods Frameworks */ = {
			isa = PBXShellScriptBuildPhase;
			buildActionMask = 2147483647;
			files = (
			);
			inputFileListPaths = (
				"${PODS_ROOT}/Target Support Files/Pods-Firebase_ChatApp/Pods-Firebase_ChatApp-frameworks-${CONFIGURATION}-input-files.xcfilelist",
			);
			name = "[CP] Embed Pods Frameworks";
			outputFileListPaths = (
				"${PODS_ROOT}/Target Support Files/Pods-Firebase_ChatApp/Pods-Firebase_ChatApp-frameworks-${CONFIGURATION}-output-files.xcfilelist",
			);
			runOnlyForDeploymentPostprocessing = 0;
			shellPath = /bin/sh;
			shellScript = "\"${PODS_ROOT}/Target Support Files/Pods-Firebase_ChatApp/Pods-Firebase_ChatApp-frameworks.sh\"\n";
			showEnvVarsInLog = 0;
		};
		A74EB46FF1CA70418F29FD8C /* [CP] Check Pods Manifest.lock */ = {
			isa = PBXShellScriptBuildPhase;
			buildActionMask = 2147483647;
			files = (
			);
			inputFileListPaths = (
			);
			inputPaths = (
				"${PODS_PODFILE_DIR_PATH}/Podfile.lock",
				"${PODS_ROOT}/Manifest.lock",
			);
			name = "[CP] Check Pods Manifest.lock";
			outputFileListPaths = (
			);
			outputPaths = (
				"$(DERIVED_FILE_DIR)/Pods-Firebase_ChatApp-checkManifestLockResult.txt",
			);
			runOnlyForDeploymentPostprocessing = 0;
			shellPath = /bin/sh;
			shellScript = "diff \"${PODS_PODFILE_DIR_PATH}/Podfile.lock\" \"${PODS_ROOT}/Manifest.lock\" > /dev/null\nif [ $? != 0 ] ; then\n    # print error to STDERR\n    echo \"error: The sandbox is not in sync with the Podfile.lock. Run 'pod install' or update your CocoaPods installation.\" >&2\n    exit 1\nfi\n# This output is used by Xcode 'outputs' to avoid re-running this script phase.\necho \"SUCCESS\" > \"${SCRIPT_OUTPUT_FILE_0}\"\n";
			showEnvVarsInLog = 0;
		};
/* End PBXShellScriptBuildPhase section */

/* Begin PBXSourcesBuildPhase section */
		61F5EC7424EC19CE000A2F76 /* Sources */ = {
			isa = PBXSourcesBuildPhase;
			buildActionMask = 2147483647;
			files = (
				61F5EC8024EC19CE000A2F76 /* ViewController.swift in Sources */,
				61F5ECA524ED8BA5000A2F76 /* RegisterationViewModel.swift in Sources */,
				61F5EC9F24EC2FC9000A2F76 /* InputContainerView.swift in Sources */,
				61F5ECAA24EEE8A6000A2F76 /* AuthService.swift in Sources */,
				61F5EC7C24EC19CE000A2F76 /* AppDelegate.swift in Sources */,
				61F5EC9624EC1A62000A2F76 /* ConversationsController.swift in Sources */,
				61F5ECAE24F22041000A2F76 /* UserCell.swift in Sources */,
				61F5EC7E24EC19CE000A2F76 /* SceneDelegate.swift in Sources */,
				61F5ECB024F2234A000A2F76 /* User.swift in Sources */,
				61F5ECB224F223CC000A2F76 /* Service.swift in Sources */,
				61B7C2F824FA799400504694 /* MessageCell.swift in Sources */,
				61F5EC9B24EC22A5000A2F76 /* RegistrationController.swift in Sources */,
				61F5EC9924EC229A000A2F76 /* LoginController.swift in Sources */,
				61F5EC9D24EC257B000A2F76 /* Extensions.swift in Sources */,
				61F5ECA324ED8275000A2F76 /* LoginViewModel.swift in Sources */,
				61B7C2F424FA689700504694 /* ChatController.swift in Sources */,
				61F5ECA124EC3266000A2F76 /* CustomTextField.swift in Sources */,
				61F5ECAC24F21C71000A2F76 /* NewMessageController.swift in Sources */,
				61B7C2F624FA727500504694 /* CustomInputAccessoryView.swift in Sources */,
			);
			runOnlyForDeploymentPostprocessing = 0;
		};
/* End PBXSourcesBuildPhase section */

/* Begin PBXVariantGroup section */
		61F5EC8124EC19CE000A2F76 /* Main.storyboard */ = {
			isa = PBXVariantGroup;
			children = (
				61F5EC8224EC19CE000A2F76 /* Base */,
			);
			name = Main.storyboard;
			sourceTree = "<group>";
		};
		61F5EC8624EC19D4000A2F76 /* LaunchScreen.storyboard */ = {
			isa = PBXVariantGroup;
			children = (
				61F5EC8724EC19D4000A2F76 /* Base */,
			);
			name = LaunchScreen.storyboard;
			sourceTree = "<group>";
		};
/* End PBXVariantGroup section */

/* Begin XCBuildConfiguration section */
		61F5EC8A24EC19D4000A2F76 /* Debug */ = {
			isa = XCBuildConfiguration;
			buildSettings = {
				ALWAYS_SEARCH_USER_PATHS = NO;
				CLANG_ANALYZER_NONNULL = YES;
				CLANG_ANALYZER_NUMBER_OBJECT_CONVERSION = YES_AGGRESSIVE;
				CLANG_CXX_LANGUAGE_STANDARD = "gnu++14";
				CLANG_CXX_LIBRARY = "libc++";
				CLANG_ENABLE_MODULES = YES;
				CLANG_ENABLE_OBJC_ARC = YES;
				CLANG_ENABLE_OBJC_WEAK = YES;
				CLANG_WARN_BLOCK_CAPTURE_AUTORELEASING = YES;
				CLANG_WARN_BOOL_CONVERSION = YES;
				CLANG_WARN_COMMA = YES;
				CLANG_WARN_CONSTANT_CONVERSION = YES;
				CLANG_WARN_DEPRECATED_OBJC_IMPLEMENTATIONS = YES;
				CLANG_WARN_DIRECT_OBJC_ISA_USAGE = YES_ERROR;
				CLANG_WARN_DOCUMENTATION_COMMENTS = YES;
				CLANG_WARN_EMPTY_BODY = YES;
				CLANG_WARN_ENUM_CONVERSION = YES;
				CLANG_WARN_INFINITE_RECURSION = YES;
				CLANG_WARN_INT_CONVERSION = YES;
				CLANG_WARN_NON_LITERAL_NULL_CONVERSION = YES;
				CLANG_WARN_OBJC_IMPLICIT_RETAIN_SELF = YES;
				CLANG_WARN_OBJC_LITERAL_CONVERSION = YES;
				CLANG_WARN_OBJC_ROOT_CLASS = YES_ERROR;
				CLANG_WARN_RANGE_LOOP_ANALYSIS = YES;
				CLANG_WARN_STRICT_PROTOTYPES = YES;
				CLANG_WARN_SUSPICIOUS_MOVE = YES;
				CLANG_WARN_UNGUARDED_AVAILABILITY = YES_AGGRESSIVE;
				CLANG_WARN_UNREACHABLE_CODE = YES;
				CLANG_WARN__DUPLICATE_METHOD_MATCH = YES;
				COPY_PHASE_STRIP = NO;
				DEBUG_INFORMATION_FORMAT = dwarf;
				ENABLE_STRICT_OBJC_MSGSEND = YES;
				ENABLE_TESTABILITY = YES;
				GCC_C_LANGUAGE_STANDARD = gnu11;
				GCC_DYNAMIC_NO_PIC = NO;
				GCC_NO_COMMON_BLOCKS = YES;
				GCC_OPTIMIZATION_LEVEL = 0;
				GCC_PREPROCESSOR_DEFINITIONS = (
					"DEBUG=1",
					"$(inherited)",
				);
				GCC_WARN_64_TO_32_BIT_CONVERSION = YES;
				GCC_WARN_ABOUT_RETURN_TYPE = YES_ERROR;
				GCC_WARN_UNDECLARED_SELECTOR = YES;
				GCC_WARN_UNINITIALIZED_AUTOS = YES_AGGRESSIVE;
				GCC_WARN_UNUSED_FUNCTION = YES;
				GCC_WARN_UNUSED_VARIABLE = YES;
				IPHONEOS_DEPLOYMENT_TARGET = 13.2;
				MTL_ENABLE_DEBUG_INFO = INCLUDE_SOURCE;
				MTL_FAST_MATH = YES;
				ONLY_ACTIVE_ARCH = YES;
				SDKROOT = iphoneos;
				SWIFT_ACTIVE_COMPILATION_CONDITIONS = DEBUG;
				SWIFT_OPTIMIZATION_LEVEL = "-Onone";
			};
			name = Debug;
		};
		61F5EC8B24EC19D4000A2F76 /* Release */ = {
			isa = XCBuildConfiguration;
			buildSettings = {
				ALWAYS_SEARCH_USER_PATHS = NO;
				CLANG_ANALYZER_NONNULL = YES;
				CLANG_ANALYZER_NUMBER_OBJECT_CONVERSION = YES_AGGRESSIVE;
				CLANG_CXX_LANGUAGE_STANDARD = "gnu++14";
				CLANG_CXX_LIBRARY = "libc++";
				CLANG_ENABLE_MODULES = YES;
				CLANG_ENABLE_OBJC_ARC = YES;
				CLANG_ENABLE_OBJC_WEAK = YES;
				CLANG_WARN_BLOCK_CAPTURE_AUTORELEASING = YES;
				CLANG_WARN_BOOL_CONVERSION = YES;
				CLANG_WARN_COMMA = YES;
				CLANG_WARN_CONSTANT_CONVERSION = YES;
				CLANG_WARN_DEPRECATED_OBJC_IMPLEMENTATIONS = YES;
				CLANG_WARN_DIRECT_OBJC_ISA_USAGE = YES_ERROR;
				CLANG_WARN_DOCUMENTATION_COMMENTS = YES;
				CLANG_WARN_EMPTY_BODY = YES;
				CLANG_WARN_ENUM_CONVERSION = YES;
				CLANG_WARN_INFINITE_RECURSION = YES;
				CLANG_WARN_INT_CONVERSION = YES;
				CLANG_WARN_NON_LITERAL_NULL_CONVERSION = YES;
				CLANG_WARN_OBJC_IMPLICIT_RETAIN_SELF = YES;
				CLANG_WARN_OBJC_LITERAL_CONVERSION = YES;
				CLANG_WARN_OBJC_ROOT_CLASS = YES_ERROR;
				CLANG_WARN_RANGE_LOOP_ANALYSIS = YES;
				CLANG_WARN_STRICT_PROTOTYPES = YES;
				CLANG_WARN_SUSPICIOUS_MOVE = YES;
				CLANG_WARN_UNGUARDED_AVAILABILITY = YES_AGGRESSIVE;
				CLANG_WARN_UNREACHABLE_CODE = YES;
				CLANG_WARN__DUPLICATE_METHOD_MATCH = YES;
				COPY_PHASE_STRIP = NO;
				DEBUG_INFORMATION_FORMAT = "dwarf-with-dsym";
				ENABLE_NS_ASSERTIONS = NO;
				ENABLE_STRICT_OBJC_MSGSEND = YES;
				GCC_C_LANGUAGE_STANDARD = gnu11;
				GCC_NO_COMMON_BLOCKS = YES;
				GCC_WARN_64_TO_32_BIT_CONVERSION = YES;
				GCC_WARN_ABOUT_RETURN_TYPE = YES_ERROR;
				GCC_WARN_UNDECLARED_SELECTOR = YES;
				GCC_WARN_UNINITIALIZED_AUTOS = YES_AGGRESSIVE;
				GCC_WARN_UNUSED_FUNCTION = YES;
				GCC_WARN_UNUSED_VARIABLE = YES;
				IPHONEOS_DEPLOYMENT_TARGET = 13.2;
				MTL_ENABLE_DEBUG_INFO = NO;
				MTL_FAST_MATH = YES;
				SDKROOT = iphoneos;
				SWIFT_COMPILATION_MODE = wholemodule;
				SWIFT_OPTIMIZATION_LEVEL = "-O";
				VALIDATE_PRODUCT = YES;
			};
			name = Release;
		};
		61F5EC8D24EC19D4000A2F76 /* Debug */ = {
			isa = XCBuildConfiguration;
			baseConfigurationReference = CB2D2784EEA51EA829A7F54C /* Pods-Firebase_ChatApp.debug.xcconfig */;
			buildSettings = {
				ASSETCATALOG_COMPILER_APPICON_NAME = AppIcon;
				CODE_SIGN_STYLE = Automatic;
				DEVELOPMENT_TEAM = 7F7W8C3A76;
				INFOPLIST_FILE = Firebase_ChatApp/Info.plist;
				LD_RUNPATH_SEARCH_PATHS = (
					"$(inherited)",
					"@executable_path/Frameworks",
				);
				PRODUCT_BUNDLE_IDENTIFIER = "io.github.92pino.Firebase-ChatApp";
				PRODUCT_NAME = "$(TARGET_NAME)";
				SWIFT_VERSION = 5.0;
				TARGETED_DEVICE_FAMILY = "1,2";
			};
			name = Debug;
		};
		61F5EC8E24EC19D4000A2F76 /* Release */ = {
			isa = XCBuildConfiguration;
			baseConfigurationReference = 2732CC3CE0BFC401F4DD37A5 /* Pods-Firebase_ChatApp.release.xcconfig */;
			buildSettings = {
				ASSETCATALOG_COMPILER_APPICON_NAME = AppIcon;
				CODE_SIGN_STYLE = Automatic;
				DEVELOPMENT_TEAM = 7F7W8C3A76;
				INFOPLIST_FILE = Firebase_ChatApp/Info.plist;
				LD_RUNPATH_SEARCH_PATHS = (
					"$(inherited)",
					"@executable_path/Frameworks",
				);
				PRODUCT_BUNDLE_IDENTIFIER = "io.github.92pino.Firebase-ChatApp";
				PRODUCT_NAME = "$(TARGET_NAME)";
				SWIFT_VERSION = 5.0;
				TARGETED_DEVICE_FAMILY = "1,2";
			};
			name = Release;
		};
/* End XCBuildConfiguration section */

/* Begin XCConfigurationList section */
		61F5EC7324EC19CE000A2F76 /* Build configuration list for PBXProject "Firebase_ChatApp" */ = {
			isa = XCConfigurationList;
			buildConfigurations = (
				61F5EC8A24EC19D4000A2F76 /* Debug */,
				61F5EC8B24EC19D4000A2F76 /* Release */,
			);
			defaultConfigurationIsVisible = 0;
			defaultConfigurationName = Release;
		};
		61F5EC8C24EC19D4000A2F76 /* Build configuration list for PBXNativeTarget "Firebase_ChatApp" */ = {
			isa = XCConfigurationList;
			buildConfigurations = (
				61F5EC8D24EC19D4000A2F76 /* Debug */,
				61F5EC8E24EC19D4000A2F76 /* Release */,
			);
			defaultConfigurationIsVisible = 0;
			defaultConfigurationName = Release;
		};
/* End XCConfigurationList section */
	};
	rootObject = 61F5EC7024EC19CE000A2F76 /* Project object */;
}
